
Microsoft Visual Studio Solution File, Format Version 12.00
# Visual Studio 15
VisualStudioVersion = 15.0.28307.1231
MinimumVisualStudioVersion = 10.0.40219.1
Project("{FAE04EC0-301F-11D3-BF4B-00C04F79EFBC}") = "hello-world-dotnetcore-cs-console-app", "hello-world-dotnetcore-cs-console-app\hello-world-dotnetcore-cs-console-app.csproj", "{8DA07317-5C3E-4846-806D-425469F4006C}"
EndProject
Global
	GlobalSection(SolutionConfigurationPlatforms) = preSolution
		Debug|Any CPU = Debug|Any CPU
		Release|Any CPU = Release|Any CPU
	EndGlobalSection
	GlobalSection(ProjectConfigurationPlatforms) = postSolution
		{8DA07317-5C3E-4846-806D-425469F4006C}.Debug|Any CPU.ActiveCfg = Debug|Any CPU
		{8DA07317-5C3E-4846-806D-425469F4006C}.Debug|Any CPU.Build.0 = Debug|Any CPU
		{8DA07317-5C3E-4846-806D-425469F4006C}.Release|Any CPU.ActiveCfg = Release|Any CPU
		{8DA07317-5C3E-4846-806D-425469F4006C}.Release|Any CPU.Build.0 = Release|Any CPU
	EndGlobalSection
	GlobalSection(SolutionProperties) = preSolution
		HideSolutionNode = FALSE
	EndGlobalSection
	GlobalSection(ExtensibilityGlobals) = postSolution
		SolutionGuid = {C739EECD-039F-470B-9CC3-50C86CC6D9FF}
	EndGlobalSection
EndGlobal
