
Microsoft Visual Studio Solution File, Format Version 12.00
# Visual Studio Version 16
VisualStudioVersion = 16.0.31605.320
MinimumVisualStudioVersion = 10.0.40219.1
Project("{FAE04EC0-301F-11D3-BF4B-00C04F79EFBC}") = "hello-world-asp-dotnetcore-csharp-reactjs", "hello-world-asp-dotnetcore-csharp-reactjs\hello-world-asp-dotnetcore-csharp-reactjs.csproj", "{936BD48E-E18E-492A-9C8E-3B4B86454AF3}"
EndProject
Global
	GlobalSection(SolutionConfigurationPlatforms) = preSolution
		Debug|Any CPU = Debug|Any CPU
		Release|Any CPU = Release|Any CPU
	EndGlobalSection
	GlobalSection(ProjectConfigurationPlatforms) = postSolution
		{936BD48E-E18E-492A-9C8E-3B4B86454AF3}.Debug|Any CPU.ActiveCfg = Debug|Any CPU
		{936BD48E-E18E-492A-9C8E-3B4B86454AF3}.Debug|Any CPU.Build.0 = Debug|Any CPU
		{936BD48E-E18E-492A-9C8E-3B4B86454AF3}.Release|Any CPU.ActiveCfg = Release|Any CPU
		{936BD48E-E18E-492A-9C8E-3B4B86454AF3}.Release|Any CPU.Build.0 = Release|Any CPU
	EndGlobalSection
	GlobalSection(SolutionProperties) = preSolution
		HideSolutionNode = FALSE
	EndGlobalSection
	GlobalSection(ExtensibilityGlobals) = postSolution
		SolutionGuid = {D804066D-9D8A-4E9C-89C4-5A2031E4FB1A}
	EndGlobalSection
EndGlobal
